// !$*UTF8*$!
{
	archiveVersion = 1;
	classes = {
	};
	objectVersion = 56;
	objects = {

/* Begin PBXBuildFile section */
		3A9C53A12BD1C1FC0086D602 /* AppDelegate.swift in Sources */ = {isa = PBXBuildFile; fileRef = 3A9C53A02BD1C1FC0086D602 /* AppDelegate.swift */; };
		3A9C53A32BD1C1FC0086D602 /* SceneDelegate.swift in Sources */ = {isa = PBXBuildFile; fileRef = 3A9C53A22BD1C1FC0086D602 /* SceneDelegate.swift */; };
		3A9C53A52BD1C1FC0086D602 /* ViewController.swift in Sources */ = {isa = PBXBuildFile; fileRef = 3A9C53A42BD1C1FC0086D602 /* ViewController.swift */; };
		3A9C53A82BD1C1FC0086D602 /* Base in Resources */ = {isa = PBXBuildFile; fileRef = 3A9C53A72BD1C1FC0086D602 /* Base */; };
		3A9C53AA2BD1C2090086D602 /* Assets.xcassets in Resources */ = {isa = PBXBuildFile; fileRef = 3A9C53A92BD1C2090086D602 /* Assets.xcassets */; };
		3A9C53AD2BD1C2090086D602 /* Base in Resources */ = {isa = PBXBuildFile; fileRef = 3A9C53AC2BD1C2090086D602 /* Base */; };
		3A9C53D32BD1C4450086D602 /* PostCell.swift in Sources */ = {isa = PBXBuildFile; fileRef = 3A9C53D22BD1C4450086D602 /* PostCell.swift */; };
		3A9C53D52BD1C4C40086D602 /* Post.swift in Sources */ = {isa = PBXBuildFile; fileRef = 3A9C53D42BD1C4C40086D602 /* Post.swift */; };
		3A9C53D92BD1C53F0086D602 /* String+Extensions.swift in Sources */ = {isa = PBXBuildFile; fileRef = 3A9C53D82BD1C53F0086D602 /* String+Extensions.swift */; };
		3A9C53DB2BD1C6E10086D602 /* DetailViewController.swift in Sources */ = {isa = PBXBuildFile; fileRef = 3A9C53DA2BD1C6E10086D602 /* DetailViewController.swift */; };
		3A9C53DF2BD1CFD10086D602 /* Nuke in Frameworks */ = {isa = PBXBuildFile; productRef = 3A9C53DE2BD1CFD10086D602 /* Nuke */; };
		3AD95DB62BD749DE00AADF1F /* FavoritesViewController.swift in Sources */ = {isa = PBXBuildFile; fileRef = 3AD95DB52BD749DE00AADF1F /* FavoritesViewController.swift */; };
/* End PBXBuildFile section */

/* Begin PBXContainerItemProxy section */
		3A9C53B42BD1C20A0086D602 /* PBXContainerItemProxy */ = {
			isa = PBXContainerItemProxy;
			containerPortal = 3A9C53952BD1C1FC0086D602 /* Project object */;
			proxyType = 1;
			remoteGlobalIDString = 3A9C539C2BD1C1FC0086D602;
			remoteInfo = "ios101-eggcellent-cook";
		};
		3A9C53BE2BD1C20A0086D602 /* PBXContainerItemProxy */ = {
			isa = PBXContainerItemProxy;
			containerPortal = 3A9C53952BD1C1FC0086D602 /* Project object */;
			proxyType = 1;
			remoteGlobalIDString = 3A9C539C2BD1C1FC0086D602;
			remoteInfo = "ios101-eggcellent-cook";
		};
/* End PBXContainerItemProxy section */

/* Begin PBXFileReference section */
		3A9C539D2BD1C1FC0086D602 /* ios101-eggcellent-cook.app */ = {isa = PBXFileReference; explicitFileType = wrapper.application; includeInIndex = 0; path = "ios101-eggcellent-cook.app"; sourceTree = BUILT_PRODUCTS_DIR; };
		3A9C53A02BD1C1FC0086D602 /* AppDelegate.swift */ = {isa = PBXFileReference; lastKnownFileType = sourcecode.swift; path = AppDelegate.swift; sourceTree = "<group>"; };
		3A9C53A22BD1C1FC0086D602 /* SceneDelegate.swift */ = {isa = PBXFileReference; lastKnownFileType = sourcecode.swift; path = SceneDelegate.swift; sourceTree = "<group>"; };
		3A9C53A42BD1C1FC0086D602 /* ViewController.swift */ = {isa = PBXFileReference; lastKnownFileType = sourcecode.swift; path = ViewController.swift; sourceTree = "<group>"; };
		3A9C53A72BD1C1FC0086D602 /* Base */ = {isa = PBXFileReference; lastKnownFileType = file.storyboard; name = Base; path = Base.lproj/Main.storyboard; sourceTree = "<group>"; };
		3A9C53A92BD1C2090086D602 /* Assets.xcassets */ = {isa = PBXFileReference; lastKnownFileType = folder.assetcatalog; path = Assets.xcassets; sourceTree = "<group>"; };
		3A9C53AC2BD1C2090086D602 /* Base */ = {isa = PBXFileReference; lastKnownFileType = file.storyboard; name = Base; path = Base.lproj/LaunchScreen.storyboard; sourceTree = "<group>"; };
		3A9C53AE2BD1C2090086D602 /* Info.plist */ = {isa = PBXFileReference; lastKnownFileType = text.plist.xml; path = Info.plist; sourceTree = "<group>"; };
		3A9C53B32BD1C20A0086D602 /* ios101-eggcellent-cookTests.xctest */ = {isa = PBXFileReference; explicitFileType = wrapper.cfbundle; includeInIndex = 0; path = "ios101-eggcellent-cookTests.xctest"; sourceTree = BUILT_PRODUCTS_DIR; };
		3A9C53BD2BD1C20A0086D602 /* ios101-eggcellent-cookUITests.xctest */ = {isa = PBXFileReference; explicitFileType = wrapper.cfbundle; includeInIndex = 0; path = "ios101-eggcellent-cookUITests.xctest"; sourceTree = BUILT_PRODUCTS_DIR; };
		3A9C53D22BD1C4450086D602 /* PostCell.swift */ = {isa = PBXFileReference; lastKnownFileType = sourcecode.swift; path = PostCell.swift; sourceTree = "<group>"; };
		3A9C53D42BD1C4C40086D602 /* Post.swift */ = {isa = PBXFileReference; lastKnownFileType = sourcecode.swift; path = Post.swift; sourceTree = "<group>"; };
		3A9C53D82BD1C53F0086D602 /* String+Extensions.swift */ = {isa = PBXFileReference; lastKnownFileType = sourcecode.swift; path = "String+Extensions.swift"; sourceTree = "<group>"; };
		3A9C53DA2BD1C6E10086D602 /* DetailViewController.swift */ = {isa = PBXFileReference; lastKnownFileType = sourcecode.swift; path = DetailViewController.swift; sourceTree = "<group>"; };
		3AD95DB52BD749DE00AADF1F /* FavoritesViewController.swift */ = {isa = PBXFileReference; lastKnownFileType = sourcecode.swift; path = FavoritesViewController.swift; sourceTree = "<group>"; };
/* End PBXFileReference section */

/* Begin PBXFrameworksBuildPhase section */
		3A9C539A2BD1C1FC0086D602 /* Frameworks */ = {
			isa = PBXFrameworksBuildPhase;
			buildActionMask = 2147483647;
			files = (
				3A9C53DF2BD1CFD10086D602 /* Nuke in Frameworks */,
			);
			runOnlyForDeploymentPostprocessing = 0;
		};
		3A9C53B02BD1C20A0086D602 /* Frameworks */ = {
			isa = PBXFrameworksBuildPhase;
			buildActionMask = 2147483647;
			files = (
			);
			runOnlyForDeploymentPostprocessing = 0;
		};
		3A9C53BA2BD1C20A0086D602 /* Frameworks */ = {
			isa = PBXFrameworksBuildPhase;
			buildActionMask = 2147483647;
			files = (
			);
			runOnlyForDeploymentPostprocessing = 0;
		};
/* End PBXFrameworksBuildPhase section */

/* Begin PBXGroup section */
		3A9C53942BD1C1FC0086D602 = {
			isa = PBXGroup;
			children = (
				3A9C539F2BD1C1FC0086D602 /* ios101-eggcellent-cook */,
				3A9C539E2BD1C1FC0086D602 /* Products */,
			);
			sourceTree = "<group>";
		};
		3A9C539E2BD1C1FC0086D602 /* Products */ = {
			isa = PBXGroup;
			children = (
				3A9C539D2BD1C1FC0086D602 /* ios101-eggcellent-cook.app */,
				3A9C53B32BD1C20A0086D602 /* ios101-eggcellent-cookTests.xctest */,
				3A9C53BD2BD1C20A0086D602 /* ios101-eggcellent-cookUITests.xctest */,
			);
			name = Products;
			sourceTree = "<group>";
		};
		3A9C539F2BD1C1FC0086D602 /* ios101-eggcellent-cook */ = {
			isa = PBXGroup;
			children = (
				3A9C53AE2BD1C2090086D602 /* Info.plist */,
				3A9C53A02BD1C1FC0086D602 /* AppDelegate.swift */,
				3A9C53D42BD1C4C40086D602 /* Post.swift */,
				3A9C53DA2BD1C6E10086D602 /* DetailViewController.swift */,
				3A9C53D22BD1C4450086D602 /* PostCell.swift */,
				3A9C53A22BD1C1FC0086D602 /* SceneDelegate.swift */,
				3A9C53D82BD1C53F0086D602 /* String+Extensions.swift */,
				3A9C53A42BD1C1FC0086D602 /* ViewController.swift */,
				3A9C53A92BD1C2090086D602 /* Assets.xcassets */,
				3A9C53AB2BD1C2090086D602 /* LaunchScreen.storyboard */,
				3A9C53A62BD1C1FC0086D602 /* Main.storyboard */,
				3AD95DB52BD749DE00AADF1F /* FavoritesViewController.swift */,
			);
			path = "ios101-eggcellent-cook";
			sourceTree = "<group>";
		};
/* End PBXGroup section */

/* Begin PBXNativeTarget section */
		3A9C539C2BD1C1FC0086D602 /* ios101-eggcellent-cook */ = {
			isa = PBXNativeTarget;
			buildConfigurationList = 3A9C53C72BD1C20A0086D602 /* Build configuration list for PBXNativeTarget "ios101-eggcellent-cook" */;
			buildPhases = (
				3A9C53992BD1C1FC0086D602 /* Sources */,
				3A9C539A2BD1C1FC0086D602 /* Frameworks */,
				3A9C539B2BD1C1FC0086D602 /* Resources */,
			);
			buildRules = (
			);
			dependencies = (
			);
			name = "ios101-eggcellent-cook";
			packageProductDependencies = (
				3A9C53DE2BD1CFD10086D602 /* Nuke */,
			);
			productName = "ios101-eggcellent-cook";
			productReference = 3A9C539D2BD1C1FC0086D602 /* ios101-eggcellent-cook.app */;
			productType = "com.apple.product-type.application";
		};
		3A9C53B22BD1C20A0086D602 /* ios101-eggcellent-cookTests */ = {
			isa = PBXNativeTarget;
			buildConfigurationList = 3A9C53CA2BD1C20A0086D602 /* Build configuration list for PBXNativeTarget "ios101-eggcellent-cookTests" */;
			buildPhases = (
				3A9C53AF2BD1C20A0086D602 /* Sources */,
				3A9C53B02BD1C20A0086D602 /* Frameworks */,
				3A9C53B12BD1C20A0086D602 /* Resources */,
			);
			buildRules = (
			);
			dependencies = (
				3A9C53B52BD1C20A0086D602 /* PBXTargetDependency */,
			);
			name = "ios101-eggcellent-cookTests";
			productName = "ios101-eggcellent-cookTests";
			productReference = 3A9C53B32BD1C20A0086D602 /* ios101-eggcellent-cookTests.xctest */;
			productType = "com.apple.product-type.bundle.unit-test";
		};
		3A9C53BC2BD1C20A0086D602 /* ios101-eggcellent-cookUITests */ = {
			isa = PBXNativeTarget;
			buildConfigurationList = 3A9C53CD2BD1C20A0086D602 /* Build configuration list for PBXNativeTarget "ios101-eggcellent-cookUITests" */;
			buildPhases = (
				3A9C53B92BD1C20A0086D602 /* Sources */,
				3A9C53BA2BD1C20A0086D602 /* Frameworks */,
				3A9C53BB2BD1C20A0086D602 /* Resources */,
			);
			buildRules = (
			);
			dependencies = (
				3A9C53BF2BD1C20A0086D602 /* PBXTargetDependency */,
			);
			name = "ios101-eggcellent-cookUITests";
			productName = "ios101-eggcellent-cookUITests";
			productReference = 3A9C53BD2BD1C20A0086D602 /* ios101-eggcellent-cookUITests.xctest */;
			productType = "com.apple.product-type.bundle.ui-testing";
		};
/* End PBXNativeTarget section */

/* Begin PBXProject section */
		3A9C53952BD1C1FC0086D602 /* Project object */ = {
			isa = PBXProject;
			attributes = {
				BuildIndependentTargetsInParallel = 1;
				LastSwiftUpdateCheck = 1530;
				LastUpgradeCheck = 1530;
				TargetAttributes = {
					3A9C539C2BD1C1FC0086D602 = {
						CreatedOnToolsVersion = 15.3;
					};
					3A9C53B22BD1C20A0086D602 = {
						CreatedOnToolsVersion = 15.3;
						TestTargetID = 3A9C539C2BD1C1FC0086D602;
					};
					3A9C53BC2BD1C20A0086D602 = {
						CreatedOnToolsVersion = 15.3;
						TestTargetID = 3A9C539C2BD1C1FC0086D602;
					};
				};
			};
			buildConfigurationList = 3A9C53982BD1C1FC0086D602 /* Build configuration list for PBXProject "ios101-eggcellent-cook" */;
			compatibilityVersion = "Xcode 14.0";
			developmentRegion = en;
			hasScannedForEncodings = 0;
			knownRegions = (
				en,
				Base,
			);
			mainGroup = 3A9C53942BD1C1FC0086D602;
			packageReferences = (
				3A9C53DD2BD1CFD10086D602 /* XCRemoteSwiftPackageReference "Nuke" */,
			);
			productRefGroup = 3A9C539E2BD1C1FC0086D602 /* Products */;
			projectDirPath = "";
			projectRoot = "";
			targets = (
				3A9C539C2BD1C1FC0086D602 /* ios101-eggcellent-cook */,
				3A9C53B22BD1C20A0086D602 /* ios101-eggcellent-cookTests */,
				3A9C53BC2BD1C20A0086D602 /* ios101-eggcellent-cookUITests */,
			);
		};
/* End PBXProject section */

/* Begin PBXResourcesBuildPhase section */
		3A9C539B2BD1C1FC0086D602 /* Resources */ = {
			isa = PBXResourcesBuildPhase;
			buildActionMask = 2147483647;
			files = (
				3A9C53AA2BD1C2090086D602 /* Assets.xcassets in Resources */,
				3A9C53AD2BD1C2090086D602 /* Base in Resources */,
				3A9C53A82BD1C1FC0086D602 /* Base in Resources */,
			);
			runOnlyForDeploymentPostprocessing = 0;
		};
		3A9C53B12BD1C20A0086D602 /* Resources */ = {
			isa = PBXResourcesBuildPhase;
			buildActionMask = 2147483647;
			files = (
			);
			runOnlyForDeploymentPostprocessing = 0;
		};
		3A9C53BB2BD1C20A0086D602 /* Resources */ = {
			isa = PBXResourcesBuildPhase;
			buildActionMask = 2147483647;
			files = (
			);
			runOnlyForDeploymentPostprocessing = 0;
		};
/* End PBXResourcesBuildPhase section */

/* Begin PBXSourcesBuildPhase section */
		3A9C53992BD1C1FC0086D602 /* Sources */ = {
			isa = PBXSourcesBuildPhase;
			buildActionMask = 2147483647;
			files = (
				3A9C53A52BD1C1FC0086D602 /* ViewController.swift in Sources */,
				3A9C53A12BD1C1FC0086D602 /* AppDelegate.swift in Sources */,
				3AD95DB62BD749DE00AADF1F /* FavoritesViewController.swift in Sources */,
				3A9C53A32BD1C1FC0086D602 /* SceneDelegate.swift in Sources */,
				3A9C53D32BD1C4450086D602 /* PostCell.swift in Sources */,
				3A9C53D92BD1C53F0086D602 /* String+Extensions.swift in Sources */,
				3A9C53D52BD1C4C40086D602 /* Post.swift in Sources */,
				3A9C53DB2BD1C6E10086D602 /* DetailViewController.swift in Sources */,
			);
			runOnlyForDeploymentPostprocessing = 0;
		};
		3A9C53AF2BD1C20A0086D602 /* Sources */ = {
			isa = PBXSourcesBuildPhase;
			buildActionMask = 2147483647;
			files = (
			);
			runOnlyForDeploymentPostprocessing = 0;
		};
		3A9C53B92BD1C20A0086D602 /* Sources */ = {
			isa = PBXSourcesBuildPhase;
			buildActionMask = 2147483647;
			files = (
			);
			runOnlyForDeploymentPostprocessing = 0;
		};
/* End PBXSourcesBuildPhase section */

/* Begin PBXTargetDependency section */
		3A9C53B52BD1C20A0086D602 /* PBXTargetDependency */ = {
			isa = PBXTargetDependency;
			target = 3A9C539C2BD1C1FC0086D602 /* ios101-eggcellent-cook */;
			targetProxy = 3A9C53B42BD1C20A0086D602 /* PBXContainerItemProxy */;
		};
		3A9C53BF2BD1C20A0086D602 /* PBXTargetDependency */ = {
			isa = PBXTargetDependency;
			target = 3A9C539C2BD1C1FC0086D602 /* ios101-eggcellent-cook */;
			targetProxy = 3A9C53BE2BD1C20A0086D602 /* PBXContainerItemProxy */;
		};
/* End PBXTargetDependency section */

/* Begin PBXVariantGroup section */
		3A9C53A62BD1C1FC0086D602 /* Main.storyboard */ = {
			isa = PBXVariantGroup;
			children = (
				3A9C53A72BD1C1FC0086D602 /* Base */,
			);
			name = Main.storyboard;
			sourceTree = "<group>";
		};
		3A9C53AB2BD1C2090086D602 /* LaunchScreen.storyboard */ = {
			isa = PBXVariantGroup;
			children = (
				3A9C53AC2BD1C2090086D602 /* Base */,
			);
			name = LaunchScreen.storyboard;
			sourceTree = "<group>";
		};
/* End PBXVariantGroup section */

/* Begin XCBuildConfiguration section */
		3A9C53C52BD1C20A0086D602 /* Debug */ = {
			isa = XCBuildConfiguration;
			buildSettings = {
				ALWAYS_SEARCH_USER_PATHS = NO;
				ASSETCATALOG_COMPILER_GENERATE_SWIFT_ASSET_SYMBOL_EXTENSIONS = YES;
				CLANG_ANALYZER_NONNULL = YES;
				CLANG_ANALYZER_NUMBER_OBJECT_CONVERSION = YES_AGGRESSIVE;
				CLANG_CXX_LANGUAGE_STANDARD = "gnu++20";
				CLANG_ENABLE_MODULES = YES;
				CLANG_ENABLE_OBJC_ARC = YES;
				CLANG_ENABLE_OBJC_WEAK = YES;
				CLANG_WARN_BLOCK_CAPTURE_AUTORELEASING = YES;
				CLANG_WARN_BOOL_CONVERSION = YES;
				CLANG_WARN_COMMA = YES;
				CLANG_WARN_CONSTANT_CONVERSION = YES;
				CLANG_WARN_DEPRECATED_OBJC_IMPLEMENTATIONS = YES;
				CLANG_WARN_DIRECT_OBJC_ISA_USAGE = YES_ERROR;
				CLANG_WARN_DOCUMENTATION_COMMENTS = YES;
				CLANG_WARN_EMPTY_BODY = YES;
				CLANG_WARN_ENUM_CONVERSION = YES;
				CLANG_WARN_INFINITE_RECURSION = YES;
				CLANG_WARN_INT_CONVERSION = YES;
				CLANG_WARN_NON_LITERAL_NULL_CONVERSION = YES;
				CLANG_WARN_OBJC_IMPLICIT_RETAIN_SELF = YES;
				CLANG_WARN_OBJC_LITERAL_CONVERSION = YES;
				CLANG_WARN_OBJC_ROOT_CLASS = YES_ERROR;
				CLANG_WARN_QUOTED_INCLUDE_IN_FRAMEWORK_HEADER = YES;
				CLANG_WARN_RANGE_LOOP_ANALYSIS = YES;
				CLANG_WARN_STRICT_PROTOTYPES = YES;
				CLANG_WARN_SUSPICIOUS_MOVE = YES;
				CLANG_WARN_UNGUARDED_AVAILABILITY = YES_AGGRESSIVE;
				CLANG_WARN_UNREACHABLE_CODE = YES;
				CLANG_WARN__DUPLICATE_METHOD_MATCH = YES;
				COPY_PHASE_STRIP = NO;
				DEBUG_INFORMATION_FORMAT = dwarf;
				ENABLE_STRICT_OBJC_MSGSEND = YES;
				ENABLE_TESTABILITY = YES;
				ENABLE_USER_SCRIPT_SANDBOXING = YES;
				GCC_C_LANGUAGE_STANDARD = gnu17;
				GCC_DYNAMIC_NO_PIC = NO;
				GCC_NO_COMMON_BLOCKS = YES;
				GCC_OPTIMIZATION_LEVEL = 0;
				GCC_PREPROCESSOR_DEFINITIONS = (
					"DEBUG=1",
					"$(inherited)",
				);
				GCC_WARN_64_TO_32_BIT_CONVERSION = YES;
				GCC_WARN_ABOUT_RETURN_TYPE = YES_ERROR;
				GCC_WARN_UNDECLARED_SELECTOR = YES;
				GCC_WARN_UNINITIALIZED_AUTOS = YES_AGGRESSIVE;
				GCC_WARN_UNUSED_FUNCTION = YES;
				GCC_WARN_UNUSED_VARIABLE = YES;
				IPHONEOS_DEPLOYMENT_TARGET = 17.4;
				LOCALIZATION_PREFERS_STRING_CATALOGS = YES;
				MTL_ENABLE_DEBUG_INFO = INCLUDE_SOURCE;
				MTL_FAST_MATH = YES;
				ONLY_ACTIVE_ARCH = YES;
				SDKROOT = iphoneos;
				SWIFT_ACTIVE_COMPILATION_CONDITIONS = "DEBUG $(inherited)";
				SWIFT_OPTIMIZATION_LEVEL = "-Onone";
			};
			name = Debug;
		};
		3A9C53C62BD1C20A0086D602 /* Release */ = {
			isa = XCBuildConfiguration;
			buildSettings = {
				ALWAYS_SEARCH_USER_PATHS = NO;
				ASSETCATALOG_COMPILER_GENERATE_SWIFT_ASSET_SYMBOL_EXTENSIONS = YES;
				CLANG_ANALYZER_NONNULL = YES;
				CLANG_ANALYZER_NUMBER_OBJECT_CONVERSION = YES_AGGRESSIVE;
				CLANG_CXX_LANGUAGE_STANDARD = "gnu++20";
				CLANG_ENABLE_MODULES = YES;
				CLANG_ENABLE_OBJC_ARC = YES;
				CLANG_ENABLE_OBJC_WEAK = YES;
				CLANG_WARN_BLOCK_CAPTURE_AUTORELEASING = YES;
				CLANG_WARN_BOOL_CONVERSION = YES;
				CLANG_WARN_COMMA = YES;
				CLANG_WARN_CONSTANT_CONVERSION = YES;
				CLANG_WARN_DEPRECATED_OBJC_IMPLEMENTATIONS = YES;
				CLANG_WARN_DIRECT_OBJC_ISA_USAGE = YES_ERROR;
				CLANG_WARN_DOCUMENTATION_COMMENTS = YES;
				CLANG_WARN_EMPTY_BODY = YES;
				CLANG_WARN_ENUM_CONVERSION = YES;
				CLANG_WARN_INFINITE_RECURSION = YES;
				CLANG_WARN_INT_CONVERSION = YES;
				CLANG_WARN_NON_LITERAL_NULL_CONVERSION = YES;
				CLANG_WARN_OBJC_IMPLICIT_RETAIN_SELF = YES;
				CLANG_WARN_OBJC_LITERAL_CONVERSION = YES;
				CLANG_WARN_OBJC_ROOT_CLASS = YES_ERROR;
				CLANG_WARN_QUOTED_INCLUDE_IN_FRAMEWORK_HEADER = YES;
				CLANG_WARN_RANGE_LOOP_ANALYSIS = YES;
				CLANG_WARN_STRICT_PROTOTYPES = YES;
				CLANG_WARN_SUSPICIOUS_MOVE = YES;
				CLANG_WARN_UNGUARDED_AVAILABILITY = YES_AGGRESSIVE;
				CLANG_WARN_UNREACHABLE_CODE = YES;
				CLANG_WARN__DUPLICATE_METHOD_MATCH = YES;
				COPY_PHASE_STRIP = NO;
				DEBUG_INFORMATION_FORMAT = "dwarf-with-dsym";
				ENABLE_NS_ASSERTIONS = NO;
				ENABLE_STRICT_OBJC_MSGSEND = YES;
				ENABLE_USER_SCRIPT_SANDBOXING = YES;
				GCC_C_LANGUAGE_STANDARD = gnu17;
				GCC_NO_COMMON_BLOCKS = YES;
				GCC_WARN_64_TO_32_BIT_CONVERSION = YES;
				GCC_WARN_ABOUT_RETURN_TYPE = YES_ERROR;
				GCC_WARN_UNDECLARED_SELECTOR = YES;
				GCC_WARN_UNINITIALIZED_AUTOS = YES_AGGRESSIVE;
				GCC_WARN_UNUSED_FUNCTION = YES;
				GCC_WARN_UNUSED_VARIABLE = YES;
				IPHONEOS_DEPLOYMENT_TARGET = 17.4;
				LOCALIZATION_PREFERS_STRING_CATALOGS = YES;
				MTL_ENABLE_DEBUG_INFO = NO;
				MTL_FAST_MATH = YES;
				SDKROOT = iphoneos;
				SWIFT_COMPILATION_MODE = wholemodule;
				VALIDATE_PRODUCT = YES;
			};
			name = Release;
		};
		3A9C53C82BD1C20A0086D602 /* Debug */ = {
			isa = XCBuildConfiguration;
			buildSettings = {
				ASSETCATALOG_COMPILER_APPICON_NAME = AppIcon;
				ASSETCATALOG_COMPILER_GLOBAL_ACCENT_COLOR_NAME = AccentColor;
				CODE_SIGN_STYLE = Automatic;
				CURRENT_PROJECT_VERSION = 1;
				GENERATE_INFOPLIST_FILE = YES;
				INFOPLIST_FILE = "ios101-eggcellent-cook/Info.plist";
				INFOPLIST_KEY_UIApplicationSupportsIndirectInputEvents = YES;
				INFOPLIST_KEY_UILaunchStoryboardName = LaunchScreen;
				INFOPLIST_KEY_UIMainStoryboardFile = Main;
				INFOPLIST_KEY_UISupportedInterfaceOrientations_iPad = "UIInterfaceOrientationPortrait UIInterfaceOrientationPortraitUpsideDown UIInterfaceOrientationLandscapeLeft UIInterfaceOrientationLandscapeRight";
				INFOPLIST_KEY_UISupportedInterfaceOrientations_iPhone = "UIInterfaceOrientationPortrait UIInterfaceOrientationLandscapeLeft UIInterfaceOrientationLandscapeRight";
				LD_RUNPATH_SEARCH_PATHS = (
					"$(inherited)",
					"@executable_path/Frameworks",
				);
				MARKETING_VERSION = 1.0;
				PRODUCT_BUNDLE_IDENTIFIER = "ios.ios101-eggcellent-cook";
				PRODUCT_NAME = "$(TARGET_NAME)";
				SWIFT_EMIT_LOC_STRINGS = YES;
				SWIFT_VERSION = 5.0;
				TARGETED_DEVICE_FAMILY = "1,2";
			};
			name = Debug;
		};
		3A9C53C92BD1C20A0086D602 /* Release */ = {
			isa = XCBuildConfiguration;
			buildSettings = {
				ASSETCATALOG_COMPILER_APPICON_NAME = AppIcon;
				ASSETCATALOG_COMPILER_GLOBAL_ACCENT_COLOR_NAME = AccentColor;
				CODE_SIGN_STYLE = Automatic;
				CURRENT_PROJECT_VERSION = 1;
				GENERATE_INFOPLIST_FILE = YES;
				INFOPLIST_FILE = "ios101-eggcellent-cook/Info.plist";
				INFOPLIST_KEY_UIApplicationSupportsIndirectInputEvents = YES;
				INFOPLIST_KEY_UILaunchStoryboardName = LaunchScreen;
				INFOPLIST_KEY_UIMainStoryboardFile = Main;
				INFOPLIST_KEY_UISupportedInterfaceOrientations_iPad = "UIInterfaceOrientationPortrait UIInterfaceOrientationPortraitUpsideDown UIInterfaceOrientationLandscapeLeft UIInterfaceOrientationLandscapeRight";
				INFOPLIST_KEY_UISupportedInterfaceOrientations_iPhone = "UIInterfaceOrientationPortrait UIInterfaceOrientationLandscapeLeft UIInterfaceOrientationLandscapeRight";
				LD_RUNPATH_SEARCH_PATHS = (
					"$(inherited)",
					"@executable_path/Frameworks",
				);
				MARKETING_VERSION = 1.0;
				PRODUCT_BUNDLE_IDENTIFIER = "ios.ios101-eggcellent-cook";
				PRODUCT_NAME = "$(TARGET_NAME)";
				SWIFT_EMIT_LOC_STRINGS = YES;
				SWIFT_VERSION = 5.0;
				TARGETED_DEVICE_FAMILY = "1,2";
			};
			name = Release;
		};
		3A9C53CB2BD1C20A0086D602 /* Debug */ = {
			isa = XCBuildConfiguration;
			buildSettings = {
				ALWAYS_EMBED_SWIFT_STANDARD_LIBRARIES = YES;
				BUNDLE_LOADER = "$(TEST_HOST)";
				CODE_SIGN_STYLE = Automatic;
				CURRENT_PROJECT_VERSION = 1;
				GENERATE_INFOPLIST_FILE = YES;
				IPHONEOS_DEPLOYMENT_TARGET = 17.4;
				MARKETING_VERSION = 1.0;
				PRODUCT_BUNDLE_IDENTIFIER = "ios.ios101-eggcellent-cookTests";
				PRODUCT_NAME = "$(TARGET_NAME)";
				SWIFT_EMIT_LOC_STRINGS = NO;
				SWIFT_VERSION = 5.0;
				TARGETED_DEVICE_FAMILY = "1,2";
				TEST_HOST = "$(BUILT_PRODUCTS_DIR)/ios101-eggcellent-cook.app/$(BUNDLE_EXECUTABLE_FOLDER_PATH)/ios101-eggcellent-cook";
			};
			name = Debug;
		};
		3A9C53CC2BD1C20A0086D602 /* Release */ = {
			isa = XCBuildConfiguration;
			buildSettings = {
				ALWAYS_EMBED_SWIFT_STANDARD_LIBRARIES = YES;
				BUNDLE_LOADER = "$(TEST_HOST)";
				CODE_SIGN_STYLE = Automatic;
				CURRENT_PROJECT_VERSION = 1;
				GENERATE_INFOPLIST_FILE = YES;
				IPHONEOS_DEPLOYMENT_TARGET = 17.4;
				MARKETING_VERSION = 1.0;
				PRODUCT_BUNDLE_IDENTIFIER = "ios.ios101-eggcellent-cookTests";
				PRODUCT_NAME = "$(TARGET_NAME)";
				SWIFT_EMIT_LOC_STRINGS = NO;
				SWIFT_VERSION = 5.0;
				TARGETED_DEVICE_FAMILY = "1,2";
				TEST_HOST = "$(BUILT_PRODUCTS_DIR)/ios101-eggcellent-cook.app/$(BUNDLE_EXECUTABLE_FOLDER_PATH)/ios101-eggcellent-cook";
			};
			name = Release;
		};
		3A9C53CE2BD1C20A0086D602 /* Debug */ = {
			isa = XCBuildConfiguration;
			buildSettings = {
				ALWAYS_EMBED_SWIFT_STANDARD_LIBRARIES = YES;
				CODE_SIGN_STYLE = Automatic;
				CURRENT_PROJECT_VERSION = 1;
				GENERATE_INFOPLIST_FILE = YES;
				MARKETING_VERSION = 1.0;
				PRODUCT_BUNDLE_IDENTIFIER = "ios.ios101-eggcellent-cookUITests";
				PRODUCT_NAME = "$(TARGET_NAME)";
				SWIFT_EMIT_LOC_STRINGS = NO;
				SWIFT_VERSION = 5.0;
				TARGETED_DEVICE_FAMILY = "1,2";
				TEST_TARGET_NAME = "ios101-eggcellent-cook";
			};
			name = Debug;
		};
		3A9C53CF2BD1C20A0086D602 /* Release */ = {
			isa = XCBuildConfiguration;
			buildSettings = {
				ALWAYS_EMBED_SWIFT_STANDARD_LIBRARIES = YES;
				CODE_SIGN_STYLE = Automatic;
				CURRENT_PROJECT_VERSION = 1;
				GENERATE_INFOPLIST_FILE = YES;
				MARKETING_VERSION = 1.0;
				PRODUCT_BUNDLE_IDENTIFIER = "ios.ios101-eggcellent-cookUITests";
				PRODUCT_NAME = "$(TARGET_NAME)";
				SWIFT_EMIT_LOC_STRINGS = NO;
				SWIFT_VERSION = 5.0;
				TARGETED_DEVICE_FAMILY = "1,2";
				TEST_TARGET_NAME = "ios101-eggcellent-cook";
			};
			name = Release;
		};
/* End XCBuildConfiguration section */

/* Begin XCConfigurationList section */
		3A9C53982BD1C1FC0086D602 /* Build configuration list for PBXProject "ios101-eggcellent-cook" */ = {
			isa = XCConfigurationList;
			buildConfigurations = (
				3A9C53C52BD1C20A0086D602 /* Debug */,
				3A9C53C62BD1C20A0086D602 /* Release */,
			);
			defaultConfigurationIsVisible = 0;
			defaultConfigurationName = Release;
		};
		3A9C53C72BD1C20A0086D602 /* Build configuration list for PBXNativeTarget "ios101-eggcellent-cook" */ = {
			isa = XCConfigurationList;
			buildConfigurations = (
				3A9C53C82BD1C20A0086D602 /* Debug */,
				3A9C53C92BD1C20A0086D602 /* Release */,
			);
			defaultConfigurationIsVisible = 0;
			defaultConfigurationName = Release;
		};
		3A9C53CA2BD1C20A0086D602 /* Build configuration list for PBXNativeTarget "ios101-eggcellent-cookTests" */ = {
			isa = XCConfigurationList;
			buildConfigurations = (
				3A9C53CB2BD1C20A0086D602 /* Debug */,
				3A9C53CC2BD1C20A0086D602 /* Release */,
			);
			defaultConfigurationIsVisible = 0;
			defaultConfigurationName = Release;
		};
		3A9C53CD2BD1C20A0086D602 /* Build configuration list for PBXNativeTarget "ios101-eggcellent-cookUITests" */ = {
			isa = XCConfigurationList;
			buildConfigurations = (
				3A9C53CE2BD1C20A0086D602 /* Debug */,
				3A9C53CF2BD1C20A0086D602 /* Release */,
			);
			defaultConfigurationIsVisible = 0;
			defaultConfigurationName = Release;
		};
/* End XCConfigurationList section */

/* Begin XCRemoteSwiftPackageReference section */
		3A9C53DD2BD1CFD10086D602 /* XCRemoteSwiftPackageReference "Nuke" */ = {
			isa = XCRemoteSwiftPackageReference;
			repositoryURL = "https://github.com/kean/Nuke.git";
			requirement = {
				kind = exactVersion;
				version = 9.6.1;
			};
		};
/* End XCRemoteSwiftPackageReference section */

/* Begin XCSwiftPackageProductDependency section */
		3A9C53DE2BD1CFD10086D602 /* Nuke */ = {
			isa = XCSwiftPackageProductDependency;
			package = 3A9C53DD2BD1CFD10086D602 /* XCRemoteSwiftPackageReference "Nuke" */;
			productName = Nuke;
		};
/* End XCSwiftPackageProductDependency section */
	};
	rootObject = 3A9C53952BD1C1FC0086D602 /* Project object */;
}
